<?xml version="1.0" encoding="utf-8"?>
<!--
  Copyright (c) 2025 Huawei Technologies Co., Ltd.
  This program is free software, you can redistribute it and/or modify it under the terms and conditions of
  CANN Open Software License Agreement Version 2.0 (the "License").
  Please refer to the License for details. You may not use this file except in compliance with the License.
  THIS SOFTWARE IS PROVIDED ON AN "AS IS" BASIS, WITHOUT WARRANTIES OF ANY KIND, EITHER EXPRESS OR IMPLIED,
  INCLUDING BUT NOT LIMITED TO NON-INFRINGEMENT, MERCHANTABILITY, OR FITNESS FOR A PARTICULAR PURPOSE.
  See LICENSE in the root of the software repository for the full text of the License.
  -->
<Project ToolsVersion="4.0" xmlns="http://schemas.microsoft.com/developer/msbuild/2003">
  <ItemGroup>
    <Filter Include="源文件">
      <UniqueIdentifier>{4FC737F1-C7A5-4376-A066-2A32D752A2FF}</UniqueIdentifier>
      <Extensions>cpp;c;cc;cxx;def;odl;idl;hpj;bat;asm;asmx</Extensions>
    </Filter>
    <Filter Include="头文件">
      <UniqueIdentifier>{93995380-89BD-4b04-88EB-625FBE52EBFB}</UniqueIdentifier>
      <Extensions>h;hh;hpp;hxx;hm;inl;inc;ipp;xsd</Extensions>
    </Filter>
    <Filter Include="资源文件">
      <UniqueIdentifier>{67DA6AB6-F800-4c08-8B7A-83BB121AAD01}</UniqueIdentifier>
      <Extensions>rc;ico;cur;bmp;dlg;rc2;rct;bin;rgs;gif;jpg;jpeg;jpe;resx;tiff;tif;png;wav;mfcribbon-ms</Extensions>
    </Filter>
  </ItemGroup>
  <ItemGroup>
    <ClInclude Include="..\inc\mmpa_api.h">
      <Filter>头文件</Filter>
    </ClInclude>
    <ClInclude Include="..\inc\sub_inc\mmpa_env_define.h">
      <Filter>头文件</Filter>
    </ClInclude>
    <ClInclude Include="..\inc\sub_inc\mmpa_linux.h">
      <Filter>头文件</Filter>
    </ClInclude>
    <ClInclude Include="..\inc\sub_inc\mmpa_typedef_linux.h">
      <Filter>头文件</Filter>
    </ClInclude>
    <ClInclude Include="..\inc\sub_inc\mmpa_typedef_win.h">
      <Filter>头文件</Filter>
    </ClInclude>
    <ClInclude Include="..\inc\sub_inc\mmpa_win.h">
      <Filter>头文件</Filter>
    </ClInclude>
  </ItemGroup>
  <ItemGroup>
    <ClCompile Include="..\src\mmpa_win.cpp">
      <Filter>源文件</Filter>
    </ClCompile>
    <ClCompile Include="..\src\mmpa_win_atom.cpp">
      <Filter>源文件</Filter>
    </ClCompile>
    <ClCompile Include="..\src\mmpa_win_dlfcn.cpp">
      <Filter>源文件</Filter>
    </ClCompile>
    <ClCompile Include="..\src\mmpa_win_file.cpp">
      <Filter>源文件</Filter>
    </ClCompile>
    <ClCompile Include="..\src\mmpa_win_memory.cpp">
      <Filter>源文件</Filter>
    </ClCompile>
    <ClCompile Include="..\src\mmpa_win_message.cpp">
      <Filter>源文件</Filter>
    </ClCompile>
    <ClCompile Include="..\src\mmpa_win_option.cpp">
      <Filter>源文件</Filter>
    </ClCompile>
    <ClCompile Include="..\src\mmpa_win_thread.cpp">
      <Filter>源文件</Filter>
    </ClCompile>
    <ClCompile Include="..\src\mmpa_win_time.cpp">
      <Filter>源文件</Filter>
    </ClCompile>
  </ItemGroup>
</Project>
